
Microsoft Visual Studio Solution File, Format Version 12.00
# Visual Studio 15
VisualStudioVersion = 15.0.27004.2008
MinimumVisualStudioVersion = 10.0.40219.1
Project("{8BC9CEB8-8B4A-11D0-8D11-00A0C91BC942}") = "3labgit", "3labgit\3labgit.vcxproj", "{854DEE69-ADD5-49E6-BD47-491B16FD0473}"
EndProject
Global
	GlobalSection(SolutionConfigurationPlatforms) = preSolution
		Debug|x64 = Debug|x64
		Debug|x86 = Debug|x86
		Release|x64 = Release|x64
		Release|x86 = Release|x86
	EndGlobalSection
	GlobalSection(ProjectConfigurationPlatforms) = postSolution
		{854DEE69-ADD5-49E6-BD47-491B16FD0473}.Debug|x64.ActiveCfg = Debug|x64
		{854DEE69-ADD5-49E6-BD47-491B16FD0473}.Debug|x64.Build.0 = Debug|x64
		{854DEE69-ADD5-49E6-BD47-491B16FD0473}.Debug|x86.ActiveCfg = Debug|Win32
		{854DEE69-ADD5-49E6-BD47-491B16FD0473}.Debug|x86.Build.0 = Debug|Win32
		{854DEE69-ADD5-49E6-BD47-491B16FD0473}.Release|x64.ActiveCfg = Release|x64
		{854DEE69-ADD5-49E6-BD47-491B16FD0473}.Release|x64.Build.0 = Release|x64
		{854DEE69-ADD5-49E6-BD47-491B16FD0473}.Release|x86.ActiveCfg = Release|Win32
		{854DEE69-ADD5-49E6-BD47-491B16FD0473}.Release|x86.Build.0 = Release|Win32
	EndGlobalSection
	GlobalSection(SolutionProperties) = preSolution
		HideSolutionNode = FALSE
	EndGlobalSection
	GlobalSection(ExtensibilityGlobals) = postSolution
		SolutionGuid = {022DA7A9-C6CA-4679-AFDA-259310CCCC66}
	EndGlobalSection
EndGlobal
